
Microsoft Visual Studio Solution File, Format Version 12.00
# Visual Studio Version 17
VisualStudioVersion = 17.9.34310.174
MinimumVisualStudioVersion = 10.0.40219.1
Project("{9A19103F-16F7-4668-BE54-9A1E7A4F7556}") = "BolWallet", "BolWallet\BolWallet.csproj", "{3EDE9BB0-CFF7-4C79-9F68-B1D6222EEF64}"
EndProject
Project("{FAE04EC0-301F-11D3-BF4B-00C04F79EFBC}") = "neo-vm", "neo-vm\neo-vm.csproj", "{966D4F1B-9E67-4983-8562-6F2AA7FB5B13}"
EndProject
Global
	GlobalSection(SolutionConfigurationPlatforms) = preSolution
		Debug|Any CPU = Debug|Any CPU
		Release|Any CPU = Release|Any CPU
	EndGlobalSection
	GlobalSection(ProjectConfigurationPlatforms) = postSolution
		{3EDE9BB0-CFF7-4C79-9F68-B1D6222EEF64}.Debug|Any CPU.ActiveCfg = Debug|Any CPU
		{3EDE9BB0-CFF7-4C79-9F68-B1D6222EEF64}.Debug|Any CPU.Build.0 = Debug|Any CPU
		{3EDE9BB0-CFF7-4C79-9F68-B1D6222EEF64}.Debug|Any CPU.Deploy.0 = Debug|Any CPU
		{3EDE9BB0-CFF7-4C79-9F68-B1D6222EEF64}.Release|Any CPU.ActiveCfg = Release|Any CPU
		{3EDE9BB0-CFF7-4C79-9F68-B1D6222EEF64}.Release|Any CPU.Build.0 = Release|Any CPU
		{3EDE9BB0-CFF7-4C79-9F68-B1D6222EEF64}.Release|Any CPU.Deploy.0 = Release|Any CPU
		{966D4F1B-9E67-4983-8562-6F2AA7FB5B13}.Debug|Any CPU.ActiveCfg = Debug|Any CPU
		{966D4F1B-9E67-4983-8562-6F2AA7FB5B13}.Debug|Any CPU.Build.0 = Debug|Any CPU
		{966D4F1B-9E67-4983-8562-6F2AA7FB5B13}.Release|Any CPU.ActiveCfg = Release|Any CPU
		{966D4F1B-9E67-4983-8562-6F2AA7FB5B13}.Release|Any CPU.Build.0 = Release|Any CPU
	EndGlobalSection
	GlobalSection(SolutionProperties) = preSolution
		HideSolutionNode = FALSE
	EndGlobalSection
	GlobalSection(ExtensibilityGlobals) = postSolution
		SolutionGuid = {20E1E7E3-219D-4F2D-92D9-DCE77D48F66B}
	EndGlobalSection
EndGlobal
